
Microsoft Visual Studio Solution File, Format Version 12.00
# Visual Studio Version 16
VisualStudioVersion = 16.0.28922.388
MinimumVisualStudioVersion = 10.0.40219.1
Project("{FAE04EC0-301F-11D3-BF4B-00C04F79EFBC}") = "AwsApps", "AwsApps\AwsApps.csproj", "{995D08B7-4880-4B4C-AEBD-297C51E945BA}"
EndProject
Global
	GlobalSection(SolutionConfigurationPlatforms) = preSolution
		Debug|Any CPU = Debug|Any CPU
		Release|Any CPU = Release|Any CPU
	EndGlobalSection
	GlobalSection(ProjectConfigurationPlatforms) = postSolution
		{995D08B7-4880-4B4C-AEBD-297C51E945BA}.Debug|Any CPU.ActiveCfg = Debug|Any CPU
		{995D08B7-4880-4B4C-AEBD-297C51E945BA}.Debug|Any CPU.Build.0 = Debug|Any CPU
		{995D08B7-4880-4B4C-AEBD-297C51E945BA}.Release|Any CPU.ActiveCfg = Release|Any CPU
		{995D08B7-4880-4B4C-AEBD-297C51E945BA}.Release|Any CPU.Build.0 = Release|Any CPU
	EndGlobalSection
	GlobalSection(SolutionProperties) = preSolution
		HideSolutionNode = FALSE
	EndGlobalSection
	GlobalSection(ExtensibilityGlobals) = postSolution
		SolutionGuid = {0923B6C5-91B7-467D-BE9D-505A88F9689B}
	EndGlobalSection
EndGlobal
